
Microsoft Visual Studio Solution File, Format Version 12.00
# Visual Studio Version 16
VisualStudioVersion = 16.0.29215.179
MinimumVisualStudioVersion = 10.0.40219.1
Project("{888888A0-9F3D-457C-B088-3A5042F75D52}") = "Наполеон", "Наполеон.pyproj", "{C95D6294-282C-4E82-BCE9-173288E118D8}"
EndProject
Global
	GlobalSection(SolutionConfigurationPlatforms) = preSolution
		Debug|Any CPU = Debug|Any CPU
		Release|Any CPU = Release|Any CPU
	EndGlobalSection
	GlobalSection(ProjectConfigurationPlatforms) = postSolution
		{C95D6294-282C-4E82-BCE9-173288E118D8}.Debug|Any CPU.ActiveCfg = Debug|Any CPU
		{C95D6294-282C-4E82-BCE9-173288E118D8}.Release|Any CPU.ActiveCfg = Release|Any CPU
	EndGlobalSection
	GlobalSection(SolutionProperties) = preSolution
		HideSolutionNode = FALSE
	EndGlobalSection
	GlobalSection(ExtensibilityGlobals) = postSolution
		SolutionGuid = {08039674-B6AD-4320-A7AC-3E35C8A95747}
	EndGlobalSection
EndGlobal
